
Microsoft Visual Studio Solution File, Format Version 12.00
# Visual Studio Version 17
VisualStudioVersion = 17.0.31903.59
MinimumVisualStudioVersion = 10.0.40219.1
Project("{2150E333-8FDC-42A3-9474-1A3956D46DE8}") = "src", "src", "{0B77266C-34F8-4440-AF48-4DB8E3F01E80}"
EndProject
Project("{FAE04EC0-301F-11D3-BF4B-00C04F79EFBC}") = "AuctionService", "src\AuctionService\AuctionService.csproj", "{635650F7-0A91-414D-B41D-F40872FE0D54}"
EndProject
Project("{FAE04EC0-301F-11D3-BF4B-00C04F79EFBC}") = "SearchService", "src\SearchService\SearchService.csproj", "{D9BE2DB0-5A63-4D93-9446-0246AF4E09F7}"
EndProject
Global
	GlobalSection(SolutionConfigurationPlatforms) = preSolution
		Debug|Any CPU = Debug|Any CPU
		Release|Any CPU = Release|Any CPU
	EndGlobalSection
	GlobalSection(SolutionProperties) = preSolution
		HideSolutionNode = FALSE
	EndGlobalSection
	GlobalSection(ProjectConfigurationPlatforms) = postSolution
		{635650F7-0A91-414D-B41D-F40872FE0D54}.Debug|Any CPU.ActiveCfg = Debug|Any CPU
		{635650F7-0A91-414D-B41D-F40872FE0D54}.Debug|Any CPU.Build.0 = Debug|Any CPU
		{635650F7-0A91-414D-B41D-F40872FE0D54}.Release|Any CPU.ActiveCfg = Release|Any CPU
		{635650F7-0A91-414D-B41D-F40872FE0D54}.Release|Any CPU.Build.0 = Release|Any CPU
		{D9BE2DB0-5A63-4D93-9446-0246AF4E09F7}.Debug|Any CPU.ActiveCfg = Debug|Any CPU
		{D9BE2DB0-5A63-4D93-9446-0246AF4E09F7}.Debug|Any CPU.Build.0 = Debug|Any CPU
		{D9BE2DB0-5A63-4D93-9446-0246AF4E09F7}.Release|Any CPU.ActiveCfg = Release|Any CPU
		{D9BE2DB0-5A63-4D93-9446-0246AF4E09F7}.Release|Any CPU.Build.0 = Release|Any CPU
	EndGlobalSection
	GlobalSection(NestedProjects) = preSolution
		{635650F7-0A91-414D-B41D-F40872FE0D54} = {0B77266C-34F8-4440-AF48-4DB8E3F01E80}
		{D9BE2DB0-5A63-4D93-9446-0246AF4E09F7} = {0B77266C-34F8-4440-AF48-4DB8E3F01E80}
	EndGlobalSection
EndGlobal
